
Microsoft Visual Studio Solution File, Format Version 12.00
# Visual Studio Version 17
VisualStudioVersion = 17.9.34607.119
MinimumVisualStudioVersion = 10.0.40219.1
Project("{FAE04EC0-301F-11D3-BF4B-00C04F79EFBC}") = "Task2", "Task2.csproj", "{BD490E0C-684B-4D58-81DA-177E89FF8F48}"
EndProject
Global
	GlobalSection(SolutionConfigurationPlatforms) = preSolution
		Debug|Any CPU = Debug|Any CPU
		Release|Any CPU = Release|Any CPU
	EndGlobalSection
	GlobalSection(ProjectConfigurationPlatforms) = postSolution
		{BD490E0C-684B-4D58-81DA-177E89FF8F48}.Debug|Any CPU.ActiveCfg = Debug|Any CPU
		{BD490E0C-684B-4D58-81DA-177E89FF8F48}.Debug|Any CPU.Build.0 = Debug|Any CPU
		{BD490E0C-684B-4D58-81DA-177E89FF8F48}.Release|Any CPU.ActiveCfg = Release|Any CPU
		{BD490E0C-684B-4D58-81DA-177E89FF8F48}.Release|Any CPU.Build.0 = Release|Any CPU
	EndGlobalSection
	GlobalSection(SolutionProperties) = preSolution
		HideSolutionNode = FALSE
	EndGlobalSection
	GlobalSection(ExtensibilityGlobals) = postSolution
		SolutionGuid = {B57FD548-21AB-4B37-898B-477A5984A572}
	EndGlobalSection
EndGlobal
